
Microsoft Visual Studio Solution File, Format Version 12.00
# Visual Studio Version 17
VisualStudioVersion = 17.13.35919.96 d17.13
MinimumVisualStudioVersion = 10.0.40219.1
Project("{FAE04EC0-301F-11D3-BF4B-00C04F79EFBC}") = "LibraryMangementSystem", "LibraryMangementSystem\LibraryMangementSystem.csproj", "{BCC32873-6234-4B53-97FB-0E454F2BC40A}"
EndProject
Global
	GlobalSection(SolutionConfigurationPlatforms) = preSolution
		Debug|Any CPU = Debug|Any CPU
		Release|Any CPU = Release|Any CPU
	EndGlobalSection
	GlobalSection(ProjectConfigurationPlatforms) = postSolution
		{BCC32873-6234-4B53-97FB-0E454F2BC40A}.Debug|Any CPU.ActiveCfg = Debug|Any CPU
		{BCC32873-6234-4B53-97FB-0E454F2BC40A}.Debug|Any CPU.Build.0 = Debug|Any CPU
		{BCC32873-6234-4B53-97FB-0E454F2BC40A}.Release|Any CPU.ActiveCfg = Release|Any CPU
		{BCC32873-6234-4B53-97FB-0E454F2BC40A}.Release|Any CPU.Build.0 = Release|Any CPU
	EndGlobalSection
	GlobalSection(SolutionProperties) = preSolution
		HideSolutionNode = FALSE
	EndGlobalSection
	GlobalSection(ExtensibilityGlobals) = postSolution
		SolutionGuid = {B27180B4-BFCC-4CBD-B8C1-2AEA9E774C03}
	EndGlobalSection
EndGlobal
